
Microsoft Visual Studio Solution File, Format Version 12.00
# Visual Studio Version 17
VisualStudioVersion = 17.2.32602.215
MinimumVisualStudioVersion = 10.0.40219.1
Project("{FAE04EC0-301F-11D3-BF4B-00C04F79EFBC}") = "API2RP_wepAPI", "API2RP_wepAPI.csproj", "{BE17987C-0A04-4753-9B98-982CBE43139A}"
EndProject
Global
	GlobalSection(SolutionConfigurationPlatforms) = preSolution
		Debug|Any CPU = Debug|Any CPU
		Release|Any CPU = Release|Any CPU
	EndGlobalSection
	GlobalSection(ProjectConfigurationPlatforms) = postSolution
		{BE17987C-0A04-4753-9B98-982CBE43139A}.Debug|Any CPU.ActiveCfg = Debug|Any CPU
		{BE17987C-0A04-4753-9B98-982CBE43139A}.Debug|Any CPU.Build.0 = Debug|Any CPU
		{BE17987C-0A04-4753-9B98-982CBE43139A}.Release|Any CPU.ActiveCfg = Release|Any CPU
		{BE17987C-0A04-4753-9B98-982CBE43139A}.Release|Any CPU.Build.0 = Release|Any CPU
	EndGlobalSection
	GlobalSection(SolutionProperties) = preSolution
		HideSolutionNode = FALSE
	EndGlobalSection
	GlobalSection(ExtensibilityGlobals) = postSolution
		SolutionGuid = {6E30B353-3DFF-4C70-BE96-B5A51B4CD15D}
	EndGlobalSection
EndGlobal
